# This file is automatically @generated by Cargo.
# It is not intended for manual editing.
version = 3

[[package]]
name = "lang-translator"
version = "0.1.0"
dependencies = [
 "precedence",
]

[[package]]
name = "matrixmath"
version = "0.1.0"

[[package]]
name = "precedence"
version = "0.1.0"
dependencies = [
 "matrixmath",
]
